{
  "name": "termincount-npm-bundle-fixes",
  "version": "1.0.0",
  "lockfileVersion": 3,
  "requires": true,
  "packages": {
    "": {
      "name": "termincount-npm-bundle-fixes",
      "version": "1.0.0",
      "license": "GPL-3.0",
      "dependencies": {
        "brace-expansion": "5.0.12",
        "http-cache-semantics": "4.3.0",
        "ip-address": "10.7.3",
        "postcss-selector-parser": "7.1.6",
        "undici": "8.11.2"
      }
    },
    "node_modules/brace-expansion": {
      "version": "5.0.12",
      "resolved": "https://registry.npmjs.org/brace-expansion/-/brace-expansion-5.0.12.tgz",
      "integrity": "sha512-YovQ3rzhaLMIrDjNDMkNS01tea93qhEhG5xy8f6+R0l+dw3Ki+5sCoIoI942iuLZTHWogWktgwVDhU09iNEimQ==",
      "license": "MIT",
      "dependencies": {
        "balanced-match": "^4.0.2"
      },
      "engines": {
        "node": "20 || >=22"
      }
    },
    "node_modules/brace-expansion/node_modules/balanced-match": {
      "version": "4.0.4",
      "resolved": "https://registry.npmjs.org/balanced-match/-/balanced-match-4.0.4.tgz",
      "integrity": "sha512-BLrgEcRTwX2o6gGxGOCNyMvGSp35YofuYzw9h1IMTRmKqttAZZVU67bdb9Pr2vUHA8+j3i2tJfjO6C6+4myGTA==",
      "license": "MIT",
      "engines": {
        "node": "18 || 20 || >=22"
      }
    },
    "node_modules/http-cache-semantics": {
      "version": "4.3.0",
      "resolved": "https://registry.npmjs.org/http-cache-semantics/-/http-cache-semantics-4.3.0.tgz",
      "integrity": "sha512-M5t5LlJpS1UHMjvwRQVdFHvPISGeLAxNcrWuJkeGh0KxsqCHZ1O3NXZU/8x7cD0BDcGW8kapxMKTvwlqrNkHkA==",
      "license": "BSD-2-Clause"
    },
    "node_modules/ip-address": {
      "version": "10.7.3",
      "resolved": "https://registry.npmjs.org/ip-address/-/ip-address-10.7.3.tgz",
      "integrity": "sha512-A1kdq/tSb5QjvKvAMgIoEvDBIgL7qaqVP/jkvSwYYRZ9iEzvPpopxp2wQfu3SuZRHtpHNxMn8Fs0bS+gf5Xmwg==",
      "license": "MIT",
      "engines": {
        "node": ">= 12"
      }
    },
    "node_modules/postcss-selector-parser": {
      "version": "7.1.6",
      "resolved": "https://registry.npmjs.org/postcss-selector-parser/-/postcss-selector-parser-7.1.6.tgz",
      "integrity": "sha512-7qASPzhKF2l2KLboRZux8CCTRMdGiV08vWmyKzPz22qZ7ZjQBOeY7rNzNoCLSUiftJ7HUq0GERHmxw/t0dCdMw==",
      "license": "MIT",
      "dependencies": {
        "cssesc": "^3.0.0",
        "util-deprecate": "^1.0.2"
      },
      "engines": {
        "node": ">=4"
      }
    },
    "node_modules/postcss-selector-parser/node_modules/cssesc": {
      "version": "3.0.0",
      "resolved": "https://registry.npmjs.org/cssesc/-/cssesc-3.0.0.tgz",
      "integrity": "sha512-/Tb/JcjK111nNScGob5MNtsntNM1aCNUDipB/TkwZFhyDrrE47SOx/18wF2bbjgc3ZzCSKW1T5nt5EbFoAz/Vg==",
      "license": "MIT",
      "bin": {
        "cssesc": "bin/cssesc"
      },
      "engines": {
        "node": ">=4"
      }
    },
    "node_modules/postcss-selector-parser/node_modules/util-deprecate": {
      "version": "1.0.2",
      "resolved": "https://registry.npmjs.org/util-deprecate/-/util-deprecate-1.0.2.tgz",
      "integrity": "sha512-EPD5q1uXyFxJpCrLnCc1nHnq3gOa6DZBocAIiI2TaSCA7VCJ1UJDMagCzIkXNsUYfD1daK//LTEQ8xiIbrHtcw==",
      "license": "MIT"
    },
    "node_modules/undici": {
      "version": "8.11.2",
      "resolved": "https://registry.npmjs.org/undici/-/undici-8.11.2.tgz",
      "integrity": "sha512-u4UB2/IrKdU6lFxumHmmo1a3fCQO5tzQllRorfoRS63txhrB7xTpSn1PftwC4qEHkOaqP95fCWW4lJzwErwzhQ==",
      "license": "MIT",
      "engines": {
        "node": ">=22.19.0"
      }
    }
  }
}
